{
  "meteor": {},
  "dependencies": {
    "basePackages": {
      "jquery-datatables": {}
    },
    "packages": {
      "jquery-datatables": {
        "git": "https://github.com/lumapictures/meteor-jquery-datatables",
        "tag": "v1.0.3",
        "commit": "37d0995035f6e2915bab29556a69543ae93c54bc"
      },
      "luma-component": {
        "git": "https://github.com/LumaPictures/meteor-luma-component",
        "tag": "v1.0.5",
        "commit": "9d567068048e9ca82699b096e78c3f7ec76c0fa4"
      }
    }
  }
}
